
Microsoft Visual Studio Solution File, Format Version 12.00
# Visual Studio Version 16
VisualStudioVersion = 16.0.28803.202
MinimumVisualStudioVersion = 10.0.40219.1
Project("{FAE04EC0-301F-11D3-BF4B-00C04F79EFBC}") = "ModAcceso", "ModAcceso\ModAcceso.csproj", "{09C34DC4-D4BF-4264-8A94-CAA1C6C1FCCD}"
EndProject
Project("{FAE04EC0-301F-11D3-BF4B-00C04F79EFBC}") = "ModAcceso.DTO", "ModAcceso.DTO\ModAcceso.DTO.csproj", "{3D40C913-883F-400D-8946-E9802E41ECD6}"
EndProject
Global
	GlobalSection(SolutionConfigurationPlatforms) = preSolution
		Debug|Any CPU = Debug|Any CPU
		Release|Any CPU = Release|Any CPU
	EndGlobalSection
	GlobalSection(ProjectConfigurationPlatforms) = postSolution
		{09C34DC4-D4BF-4264-8A94-CAA1C6C1FCCD}.Debug|Any CPU.ActiveCfg = Debug|Any CPU
		{09C34DC4-D4BF-4264-8A94-CAA1C6C1FCCD}.Debug|Any CPU.Build.0 = Debug|Any CPU
		{09C34DC4-D4BF-4264-8A94-CAA1C6C1FCCD}.Release|Any CPU.ActiveCfg = Release|Any CPU
		{09C34DC4-D4BF-4264-8A94-CAA1C6C1FCCD}.Release|Any CPU.Build.0 = Release|Any CPU
		{3D40C913-883F-400D-8946-E9802E41ECD6}.Debug|Any CPU.ActiveCfg = Debug|Any CPU
		{3D40C913-883F-400D-8946-E9802E41ECD6}.Debug|Any CPU.Build.0 = Debug|Any CPU
		{3D40C913-883F-400D-8946-E9802E41ECD6}.Release|Any CPU.ActiveCfg = Release|Any CPU
		{3D40C913-883F-400D-8946-E9802E41ECD6}.Release|Any CPU.Build.0 = Release|Any CPU
	EndGlobalSection
	GlobalSection(SolutionProperties) = preSolution
		HideSolutionNode = FALSE
	EndGlobalSection
	GlobalSection(ExtensibilityGlobals) = postSolution
		SolutionGuid = {DB360A3B-AEE1-4A54-AF0B-C7C128C4024A}
	EndGlobalSection
	GlobalSection(TeamFoundationVersionControl) = preSolution
		SccNumberOfProjects = 3
		SccEnterpriseProvider = {4CA58AB2-18FA-4F8D-95D4-32DDF27D184C}
		SccTeamFoundationServer = https://ivanabad.visualstudio.com/
		SccLocalPath0 = .
		SccProjectUniqueName1 = ModAcceso.DTO\\ModAcceso.DTO.csproj
		SccProjectName1 = ModAcceso.DTO
		SccLocalPath1 = ModAcceso.DTO
		SccProjectUniqueName2 = ModAcceso\\ModAcceso.csproj
		SccProjectName2 = ModAcceso
		SccLocalPath2 = ModAcceso
	EndGlobalSection
EndGlobal
